
Microsoft Visual Studio Solution File, Format Version 12.00
Project("{FAE04EC0-301F-11D3-BF4B-00C04F79EFBC}") = "PersonnelManager", "PersonnelManager\PersonnelManager.csproj", "{719F4C89-87DD-4968-8C75-7BAA0FBFF5EE}"
EndProject
Project("{FAE04EC0-301F-11D3-BF4B-00C04F79EFBC}") = "PersonnelManager.Tests", "PersonnelManager.Tests\PersonnelManager.Tests.csproj", "{70F8A1AB-0C19-4D40-B70D-FC711E775A2E}"
EndProject
Project("{FAE04EC0-301F-11D3-BF4B-00C04F79EFBC}") = "LogAnalyzer", "LogAnalyzer\LogAnalyzer.csproj", "{CC7F298A-80C7-48A4-B31B-384CDB187F66}"
EndProject
Project("{FAE04EC0-301F-11D3-BF4B-00C04F79EFBC}") = "LogAnalyzer.Tests", "LogAnalyzer.Tests\LogAnalyzer.Tests.csproj", "{90498897-42AB-4698-A01B-FD395BD94F77}"
EndProject
Project("{FAE04EC0-301F-11D3-BF4B-00C04F79EFBC}") = "PersonnelManager.Console", "PersonnelManager.Console\PersonnelManager.Console.csproj", "{26E815C1-D86E-478F-B42E-9D825C0FDC16}"
EndProject
Project("{FAE04EC0-301F-11D3-BF4B-00C04F79EFBC}") = "PersonnelManager.Desktop", "PersonnelManager.Desktop\PersonnelManager.Desktop.csproj", "{E96D8D8F-03A5-42A7-981C-CA108F9A6DEB}"
EndProject
Project("{FAE04EC0-301F-11D3-BF4B-00C04F79EFBC}") = "PersonnelManager.Desktop.Tests", "PersonnelManager.Desktop.Tests\PersonnelManager.Desktop.Tests.csproj", "{5EE43E75-833F-42CE-B555-E7039EDEF383}"
EndProject
Project("{FAE04EC0-301F-11D3-BF4B-00C04F79EFBC}") = "PersonnelManager.Api", "PersonnelManager.Api\PersonnelManager.Api.csproj", "{B01EE925-AC8B-42DA-8939-CF8CC76FBB8C}"
EndProject
Project("{FAE04EC0-301F-11D3-BF4B-00C04F79EFBC}") = "PersonnelManager.Api.Tests", "PersonnelManager.Api.Tests\PersonnelManager.Api.Tests.csproj", "{178F3DBF-9632-43AB-A36D-42A7BA45F94E}"
EndProject
Project("{FAE04EC0-301F-11D3-BF4B-00C04F79EFBC}") = "PersonnelManager.Web", "PersonnelManager.Web\PersonnelManager.Web.csproj", "{35B28E04-C165-4535-A279-19A71F4FE036}"
EndProject
Global
	GlobalSection(SolutionConfigurationPlatforms) = preSolution
		Debug|Any CPU = Debug|Any CPU
		Debug|x64 = Debug|x64
		Debug|x86 = Debug|x86
		Release|Any CPU = Release|Any CPU
		Release|x64 = Release|x64
		Release|x86 = Release|x86
	EndGlobalSection
	GlobalSection(ProjectConfigurationPlatforms) = postSolution
		{719F4C89-87DD-4968-8C75-7BAA0FBFF5EE}.Debug|Any CPU.ActiveCfg = Debug|Any CPU
		{719F4C89-87DD-4968-8C75-7BAA0FBFF5EE}.Debug|Any CPU.Build.0 = Debug|Any CPU
		{719F4C89-87DD-4968-8C75-7BAA0FBFF5EE}.Debug|x64.ActiveCfg = Debug|Any CPU
		{719F4C89-87DD-4968-8C75-7BAA0FBFF5EE}.Debug|x64.Build.0 = Debug|Any CPU
		{719F4C89-87DD-4968-8C75-7BAA0FBFF5EE}.Debug|x86.ActiveCfg = Debug|Any CPU
		{719F4C89-87DD-4968-8C75-7BAA0FBFF5EE}.Debug|x86.Build.0 = Debug|Any CPU
		{719F4C89-87DD-4968-8C75-7BAA0FBFF5EE}.Release|Any CPU.ActiveCfg = Release|Any CPU
		{719F4C89-87DD-4968-8C75-7BAA0FBFF5EE}.Release|Any CPU.Build.0 = Release|Any CPU
		{719F4C89-87DD-4968-8C75-7BAA0FBFF5EE}.Release|x64.ActiveCfg = Release|Any CPU
		{719F4C89-87DD-4968-8C75-7BAA0FBFF5EE}.Release|x64.Build.0 = Release|Any CPU
		{719F4C89-87DD-4968-8C75-7BAA0FBFF5EE}.Release|x86.ActiveCfg = Release|Any CPU
		{719F4C89-87DD-4968-8C75-7BAA0FBFF5EE}.Release|x86.Build.0 = Release|Any CPU
		{70F8A1AB-0C19-4D40-B70D-FC711E775A2E}.Debug|Any CPU.ActiveCfg = Debug|Any CPU
		{70F8A1AB-0C19-4D40-B70D-FC711E775A2E}.Debug|Any CPU.Build.0 = Debug|Any CPU
		{70F8A1AB-0C19-4D40-B70D-FC711E775A2E}.Debug|x64.ActiveCfg = Debug|Any CPU
		{70F8A1AB-0C19-4D40-B70D-FC711E775A2E}.Debug|x64.Build.0 = Debug|Any CPU
		{70F8A1AB-0C19-4D40-B70D-FC711E775A2E}.Debug|x86.ActiveCfg = Debug|Any CPU
		{70F8A1AB-0C19-4D40-B70D-FC711E775A2E}.Debug|x86.Build.0 = Debug|Any CPU
		{70F8A1AB-0C19-4D40-B70D-FC711E775A2E}.Release|Any CPU.ActiveCfg = Release|Any CPU
		{70F8A1AB-0C19-4D40-B70D-FC711E775A2E}.Release|Any CPU.Build.0 = Release|Any CPU
		{70F8A1AB-0C19-4D40-B70D-FC711E775A2E}.Release|x64.ActiveCfg = Release|Any CPU
		{70F8A1AB-0C19-4D40-B70D-FC711E775A2E}.Release|x64.Build.0 = Release|Any CPU
		{70F8A1AB-0C19-4D40-B70D-FC711E775A2E}.Release|x86.ActiveCfg = Release|Any CPU
		{70F8A1AB-0C19-4D40-B70D-FC711E775A2E}.Release|x86.Build.0 = Release|Any CPU
		{CC7F298A-80C7-48A4-B31B-384CDB187F66}.Debug|Any CPU.ActiveCfg = Debug|Any CPU
		{CC7F298A-80C7-48A4-B31B-384CDB187F66}.Debug|Any CPU.Build.0 = Debug|Any CPU
		{CC7F298A-80C7-48A4-B31B-384CDB187F66}.Debug|x64.ActiveCfg = Debug|Any CPU
		{CC7F298A-80C7-48A4-B31B-384CDB187F66}.Debug|x64.Build.0 = Debug|Any CPU
		{CC7F298A-80C7-48A4-B31B-384CDB187F66}.Debug|x86.ActiveCfg = Debug|Any CPU
		{CC7F298A-80C7-48A4-B31B-384CDB187F66}.Debug|x86.Build.0 = Debug|Any CPU
		{CC7F298A-80C7-48A4-B31B-384CDB187F66}.Release|Any CPU.ActiveCfg = Release|Any CPU
		{CC7F298A-80C7-48A4-B31B-384CDB187F66}.Release|Any CPU.Build.0 = Release|Any CPU
		{CC7F298A-80C7-48A4-B31B-384CDB187F66}.Release|x64.ActiveCfg = Release|Any CPU
		{CC7F298A-80C7-48A4-B31B-384CDB187F66}.Release|x64.Build.0 = Release|Any CPU
		{CC7F298A-80C7-48A4-B31B-384CDB187F66}.Release|x86.ActiveCfg = Release|Any CPU
		{CC7F298A-80C7-48A4-B31B-384CDB187F66}.Release|x86.Build.0 = Release|Any CPU
		{90498897-42AB-4698-A01B-FD395BD94F77}.Debug|Any CPU.ActiveCfg = Debug|Any CPU
		{90498897-42AB-4698-A01B-FD395BD94F77}.Debug|Any CPU.Build.0 = Debug|Any CPU
		{90498897-42AB-4698-A01B-FD395BD94F77}.Debug|x64.ActiveCfg = Debug|Any CPU
		{90498897-42AB-4698-A01B-FD395BD94F77}.Debug|x64.Build.0 = Debug|Any CPU
		{90498897-42AB-4698-A01B-FD395BD94F77}.Debug|x86.ActiveCfg = Debug|Any CPU
		{90498897-42AB-4698-A01B-FD395BD94F77}.Debug|x86.Build.0 = Debug|Any CPU
		{90498897-42AB-4698-A01B-FD395BD94F77}.Release|Any CPU.ActiveCfg = Release|Any CPU
		{90498897-42AB-4698-A01B-FD395BD94F77}.Release|Any CPU.Build.0 = Release|Any CPU
		{90498897-42AB-4698-A01B-FD395BD94F77}.Release|x64.ActiveCfg = Release|Any CPU
		{90498897-42AB-4698-A01B-FD395BD94F77}.Release|x64.Build.0 = Release|Any CPU
		{90498897-42AB-4698-A01B-FD395BD94F77}.Release|x86.ActiveCfg = Release|Any CPU
		{90498897-42AB-4698-A01B-FD395BD94F77}.Release|x86.Build.0 = Release|Any CPU
		{26E815C1-D86E-478F-B42E-9D825C0FDC16}.Debug|Any CPU.ActiveCfg = Debug|Any CPU
		{26E815C1-D86E-478F-B42E-9D825C0FDC16}.Debug|Any CPU.Build.0 = Debug|Any CPU
		{26E815C1-D86E-478F-B42E-9D825C0FDC16}.Debug|x64.ActiveCfg = Debug|Any CPU
		{26E815C1-D86E-478F-B42E-9D825C0FDC16}.Debug|x64.Build.0 = Debug|Any CPU
		{26E815C1-D86E-478F-B42E-9D825C0FDC16}.Debug|x86.ActiveCfg = Debug|Any CPU
		{26E815C1-D86E-478F-B42E-9D825C0FDC16}.Debug|x86.Build.0 = Debug|Any CPU
		{26E815C1-D86E-478F-B42E-9D825C0FDC16}.Release|Any CPU.ActiveCfg = Release|Any CPU
		{26E815C1-D86E-478F-B42E-9D825C0FDC16}.Release|Any CPU.Build.0 = Release|Any CPU
		{26E815C1-D86E-478F-B42E-9D825C0FDC16}.Release|x64.ActiveCfg = Release|Any CPU
		{26E815C1-D86E-478F-B42E-9D825C0FDC16}.Release|x64.Build.0 = Release|Any CPU
		{26E815C1-D86E-478F-B42E-9D825C0FDC16}.Release|x86.ActiveCfg = Release|Any CPU
		{26E815C1-D86E-478F-B42E-9D825C0FDC16}.Release|x86.Build.0 = Release|Any CPU
		{E96D8D8F-03A5-42A7-981C-CA108F9A6DEB}.Debug|Any CPU.ActiveCfg = Debug|Any CPU
		{E96D8D8F-03A5-42A7-981C-CA108F9A6DEB}.Debug|Any CPU.Build.0 = Debug|Any CPU
		{E96D8D8F-03A5-42A7-981C-CA108F9A6DEB}.Debug|x64.ActiveCfg = Debug|Any CPU
		{E96D8D8F-03A5-42A7-981C-CA108F9A6DEB}.Debug|x64.Build.0 = Debug|Any CPU
		{E96D8D8F-03A5-42A7-981C-CA108F9A6DEB}.Debug|x86.ActiveCfg = Debug|Any CPU
		{E96D8D8F-03A5-42A7-981C-CA108F9A6DEB}.Debug|x86.Build.0 = Debug|Any CPU
		{E96D8D8F-03A5-42A7-981C-CA108F9A6DEB}.Release|Any CPU.ActiveCfg = Release|Any CPU
		{E96D8D8F-03A5-42A7-981C-CA108F9A6DEB}.Release|Any CPU.Build.0 = Release|Any CPU
		{E96D8D8F-03A5-42A7-981C-CA108F9A6DEB}.Release|x64.ActiveCfg = Release|Any CPU
		{E96D8D8F-03A5-42A7-981C-CA108F9A6DEB}.Release|x64.Build.0 = Release|Any CPU
		{E96D8D8F-03A5-42A7-981C-CA108F9A6DEB}.Release|x86.ActiveCfg = Release|Any CPU
		{E96D8D8F-03A5-42A7-981C-CA108F9A6DEB}.Release|x86.Build.0 = Release|Any CPU
		{5EE43E75-833F-42CE-B555-E7039EDEF383}.Debug|Any CPU.ActiveCfg = Debug|Any CPU
		{5EE43E75-833F-42CE-B555-E7039EDEF383}.Debug|Any CPU.Build.0 = Debug|Any CPU
		{5EE43E75-833F-42CE-B555-E7039EDEF383}.Debug|x64.ActiveCfg = Debug|Any CPU
		{5EE43E75-833F-42CE-B555-E7039EDEF383}.Debug|x64.Build.0 = Debug|Any CPU
		{5EE43E75-833F-42CE-B555-E7039EDEF383}.Debug|x86.ActiveCfg = Debug|Any CPU
		{5EE43E75-833F-42CE-B555-E7039EDEF383}.Debug|x86.Build.0 = Debug|Any CPU
		{5EE43E75-833F-42CE-B555-E7039EDEF383}.Release|Any CPU.ActiveCfg = Release|Any CPU
		{5EE43E75-833F-42CE-B555-E7039EDEF383}.Release|Any CPU.Build.0 = Release|Any CPU
		{5EE43E75-833F-42CE-B555-E7039EDEF383}.Release|x64.ActiveCfg = Release|Any CPU
		{5EE43E75-833F-42CE-B555-E7039EDEF383}.Release|x64.Build.0 = Release|Any CPU
		{5EE43E75-833F-42CE-B555-E7039EDEF383}.Release|x86.ActiveCfg = Release|Any CPU
		{5EE43E75-833F-42CE-B555-E7039EDEF383}.Release|x86.Build.0 = Release|Any CPU
		{B01EE925-AC8B-42DA-8939-CF8CC76FBB8C}.Debug|Any CPU.ActiveCfg = Debug|Any CPU
		{B01EE925-AC8B-42DA-8939-CF8CC76FBB8C}.Debug|Any CPU.Build.0 = Debug|Any CPU
		{B01EE925-AC8B-42DA-8939-CF8CC76FBB8C}.Debug|x64.ActiveCfg = Debug|Any CPU
		{B01EE925-AC8B-42DA-8939-CF8CC76FBB8C}.Debug|x64.Build.0 = Debug|Any CPU
		{B01EE925-AC8B-42DA-8939-CF8CC76FBB8C}.Debug|x86.ActiveCfg = Debug|Any CPU
		{B01EE925-AC8B-42DA-8939-CF8CC76FBB8C}.Debug|x86.Build.0 = Debug|Any CPU
		{B01EE925-AC8B-42DA-8939-CF8CC76FBB8C}.Release|Any CPU.ActiveCfg = Release|Any CPU
		{B01EE925-AC8B-42DA-8939-CF8CC76FBB8C}.Release|Any CPU.Build.0 = Release|Any CPU
		{B01EE925-AC8B-42DA-8939-CF8CC76FBB8C}.Release|x64.ActiveCfg = Release|Any CPU
		{B01EE925-AC8B-42DA-8939-CF8CC76FBB8C}.Release|x64.Build.0 = Release|Any CPU
		{B01EE925-AC8B-42DA-8939-CF8CC76FBB8C}.Release|x86.ActiveCfg = Release|Any CPU
		{B01EE925-AC8B-42DA-8939-CF8CC76FBB8C}.Release|x86.Build.0 = Release|Any CPU
		{178F3DBF-9632-43AB-A36D-42A7BA45F94E}.Debug|Any CPU.ActiveCfg = Debug|Any CPU
		{178F3DBF-9632-43AB-A36D-42A7BA45F94E}.Debug|Any CPU.Build.0 = Debug|Any CPU
		{178F3DBF-9632-43AB-A36D-42A7BA45F94E}.Debug|x64.ActiveCfg = Debug|Any CPU
		{178F3DBF-9632-43AB-A36D-42A7BA45F94E}.Debug|x64.Build.0 = Debug|Any CPU
		{178F3DBF-9632-43AB-A36D-42A7BA45F94E}.Debug|x86.ActiveCfg = Debug|Any CPU
		{178F3DBF-9632-43AB-A36D-42A7BA45F94E}.Debug|x86.Build.0 = Debug|Any CPU
		{178F3DBF-9632-43AB-A36D-42A7BA45F94E}.Release|Any CPU.ActiveCfg = Release|Any CPU
		{178F3DBF-9632-43AB-A36D-42A7BA45F94E}.Release|Any CPU.Build.0 = Release|Any CPU
		{178F3DBF-9632-43AB-A36D-42A7BA45F94E}.Release|x64.ActiveCfg = Release|Any CPU
		{178F3DBF-9632-43AB-A36D-42A7BA45F94E}.Release|x64.Build.0 = Release|Any CPU
		{178F3DBF-9632-43AB-A36D-42A7BA45F94E}.Release|x86.ActiveCfg = Release|Any CPU
		{178F3DBF-9632-43AB-A36D-42A7BA45F94E}.Release|x86.Build.0 = Release|Any CPU
		{35B28E04-C165-4535-A279-19A71F4FE036}.Debug|Any CPU.ActiveCfg = Debug|Any CPU
		{35B28E04-C165-4535-A279-19A71F4FE036}.Debug|Any CPU.Build.0 = Debug|Any CPU
		{35B28E04-C165-4535-A279-19A71F4FE036}.Debug|x64.ActiveCfg = Debug|Any CPU
		{35B28E04-C165-4535-A279-19A71F4FE036}.Debug|x64.Build.0 = Debug|Any CPU
		{35B28E04-C165-4535-A279-19A71F4FE036}.Debug|x86.ActiveCfg = Debug|Any CPU
		{35B28E04-C165-4535-A279-19A71F4FE036}.Debug|x86.Build.0 = Debug|Any CPU
		{35B28E04-C165-4535-A279-19A71F4FE036}.Release|Any CPU.ActiveCfg = Release|Any CPU
		{35B28E04-C165-4535-A279-19A71F4FE036}.Release|Any CPU.Build.0 = Release|Any CPU
		{35B28E04-C165-4535-A279-19A71F4FE036}.Release|x64.ActiveCfg = Release|Any CPU
		{35B28E04-C165-4535-A279-19A71F4FE036}.Release|x64.Build.0 = Release|Any CPU
		{35B28E04-C165-4535-A279-19A71F4FE036}.Release|x86.ActiveCfg = Release|Any CPU
		{35B28E04-C165-4535-A279-19A71F4FE036}.Release|x86.Build.0 = Release|Any CPU
	EndGlobalSection
	GlobalSection(SolutionProperties) = preSolution
		HideSolutionNode = FALSE
	EndGlobalSection
EndGlobal
